{
  "nodes": {
    "nixpkgs": {
      "locked": {
        "lastModified": 1750894176,
        "narHash": "sha256-cx3ecIL0vsmOb50DB7ciMPyafiNW5MA5Ztt8B6/UqfE=",
        "owner": "nixos",
        "repo": "nixpkgs",
        "rev": "eddb0f04e854472ad6b9b24002b2dd9d336b5ee2",
        "type": "github"
      },
      "original": {
        "owner": "nixos",
        "repo": "nixpkgs",
        "type": "github"
      }
    },
    "root": {
      "inputs": {
        "nixpkgs": "nixpkgs"
      }
    }
  },
  "root": "root",
  "version": 7
}
